
Microsoft Visual Studio Solution File, Format Version 12.00
# Visual Studio Version 17
VisualStudioVersion = 17.12.35514.174
MinimumVisualStudioVersion = 10.0.40219.1
Project("{2150E333-8FDC-42A3-9474-1A3956D46DE8}") = "Services", "Services", "{30F67222-02E6-42E5-BB65-3A0DAA61CCD9}"
EndProject
Project("{2150E333-8FDC-42A3-9474-1A3956D46DE8}") = "Catalog", "Catalog", "{601FB1AB-4212-4A90-A429-776A663462C2}"
EndProject
Project("{FAE04EC0-301F-11D3-BF4B-00C04F79EFBC}") = "Catalog.API", "Services\Catalog\Catalog.API\Catalog.API.csproj", "{80895D0C-10EC-4580-8FA2-A90AADE53AA1}"
EndProject
Project("{2150E333-8FDC-42A3-9474-1A3956D46DE8}") = "BuildingBlocks", "BuildingBlocks", "{ACFE165D-C856-41CC-9033-0A99E276A076}"
EndProject
Project("{FAE04EC0-301F-11D3-BF4B-00C04F79EFBC}") = "BuildingBlocks", "BuildingBlocks\BuildingBlocks\BuildingBlocks.csproj", "{6E42E462-EF07-437E-8798-92093B46D8B2}"
EndProject
Project("{E53339B2-1760-4266-BCC7-CA923CBCF16C}") = "docker-compose", "docker-compose.dcproj", "{AEBFB3CB-3090-4C3E-9EB3-C36D94D9B772}"
EndProject
Global
	GlobalSection(SolutionConfigurationPlatforms) = preSolution
		Debug|Any CPU = Debug|Any CPU
		Release|Any CPU = Release|Any CPU
	EndGlobalSection
	GlobalSection(ProjectConfigurationPlatforms) = postSolution
		{80895D0C-10EC-4580-8FA2-A90AADE53AA1}.Debug|Any CPU.ActiveCfg = Debug|Any CPU
		{80895D0C-10EC-4580-8FA2-A90AADE53AA1}.Debug|Any CPU.Build.0 = Debug|Any CPU
		{80895D0C-10EC-4580-8FA2-A90AADE53AA1}.Release|Any CPU.ActiveCfg = Release|Any CPU
		{80895D0C-10EC-4580-8FA2-A90AADE53AA1}.Release|Any CPU.Build.0 = Release|Any CPU
		{6E42E462-EF07-437E-8798-92093B46D8B2}.Debug|Any CPU.ActiveCfg = Debug|Any CPU
		{6E42E462-EF07-437E-8798-92093B46D8B2}.Debug|Any CPU.Build.0 = Debug|Any CPU
		{6E42E462-EF07-437E-8798-92093B46D8B2}.Release|Any CPU.ActiveCfg = Release|Any CPU
		{6E42E462-EF07-437E-8798-92093B46D8B2}.Release|Any CPU.Build.0 = Release|Any CPU
		{AEBFB3CB-3090-4C3E-9EB3-C36D94D9B772}.Debug|Any CPU.ActiveCfg = Debug|Any CPU
		{AEBFB3CB-3090-4C3E-9EB3-C36D94D9B772}.Debug|Any CPU.Build.0 = Debug|Any CPU
		{AEBFB3CB-3090-4C3E-9EB3-C36D94D9B772}.Release|Any CPU.ActiveCfg = Release|Any CPU
		{AEBFB3CB-3090-4C3E-9EB3-C36D94D9B772}.Release|Any CPU.Build.0 = Release|Any CPU
	EndGlobalSection
	GlobalSection(SolutionProperties) = preSolution
		HideSolutionNode = FALSE
	EndGlobalSection
	GlobalSection(NestedProjects) = preSolution
		{601FB1AB-4212-4A90-A429-776A663462C2} = {30F67222-02E6-42E5-BB65-3A0DAA61CCD9}
		{80895D0C-10EC-4580-8FA2-A90AADE53AA1} = {601FB1AB-4212-4A90-A429-776A663462C2}
		{6E42E462-EF07-437E-8798-92093B46D8B2} = {ACFE165D-C856-41CC-9033-0A99E276A076}
	EndGlobalSection
EndGlobal
